
Microsoft Visual Studio Solution File, Format Version 12.00
# Visual Studio 15
VisualStudioVersion = 15.0.27130.2024
MinimumVisualStudioVersion = 10.0.40219.1
Project("{8BC9CEB8-8B4A-11D0-8D11-00A0C91BC942}") = "libSkeletalAnim", "libSkeletalAnim\libSkeletalAnim.vcxproj", "{29039F47-3D85-435B-9CB8-2E221C945935}"
EndProject
Project("{8BC9CEB8-8B4A-11D0-8D11-00A0C91BC942}") = "libLogger", "libLogger\libLogger.vcxproj", "{03261261-1E32-49DB-AB05-536D806986AA}"
EndProject
Project("{8BC9CEB8-8B4A-11D0-8D11-00A0C91BC942}") = "libRender", "libRender\libRender.vcxproj", "{F1834BFF-824E-4B9D-9655-4E650847CBBB}"
EndProject
Project("{8BC9CEB8-8B4A-11D0-8D11-00A0C91BC942}") = "spine-cpp", "ExternLib\spine-cpp\spine-cpp.vcxproj", "{1708FB54-63DD-4072-97F0-2499DF2C7E84}"
EndProject
Project("{8BC9CEB8-8B4A-11D0-8D11-00A0C91BC942}") = "ProjectKT", "ProjectKT\ProjectKT.vcxproj", "{68072F13-F64E-4098-BBF5-2326B2222C34}"
EndProject
Global
	GlobalSection(SolutionConfigurationPlatforms) = preSolution
		Debug|Mixed Platforms = Debug|Mixed Platforms
		Debug|Win32 = Debug|Win32
		Debug|x64 = Debug|x64
		Debug|x86 = Debug|x86
		Release|Mixed Platforms = Release|Mixed Platforms
		Release|Win32 = Release|Win32
		Release|x64 = Release|x64
		Release|x86 = Release|x86
	EndGlobalSection
	GlobalSection(ProjectConfigurationPlatforms) = postSolution
		{29039F47-3D85-435B-9CB8-2E221C945935}.Debug|Mixed Platforms.ActiveCfg = Debug|Win32
		{29039F47-3D85-435B-9CB8-2E221C945935}.Debug|Mixed Platforms.Build.0 = Debug|Win32
		{29039F47-3D85-435B-9CB8-2E221C945935}.Debug|Win32.ActiveCfg = Debug|Win32
		{29039F47-3D85-435B-9CB8-2E221C945935}.Debug|Win32.Build.0 = Debug|Win32
		{29039F47-3D85-435B-9CB8-2E221C945935}.Debug|x64.ActiveCfg = Debug|Win32
		{29039F47-3D85-435B-9CB8-2E221C945935}.Debug|x86.ActiveCfg = Debug|Win32
		{29039F47-3D85-435B-9CB8-2E221C945935}.Debug|x86.Build.0 = Debug|Win32
		{29039F47-3D85-435B-9CB8-2E221C945935}.Release|Mixed Platforms.ActiveCfg = Release|Win32
		{29039F47-3D85-435B-9CB8-2E221C945935}.Release|Mixed Platforms.Build.0 = Release|Win32
		{29039F47-3D85-435B-9CB8-2E221C945935}.Release|Win32.ActiveCfg = Release|Win32
		{29039F47-3D85-435B-9CB8-2E221C945935}.Release|Win32.Build.0 = Release|Win32
		{29039F47-3D85-435B-9CB8-2E221C945935}.Release|x64.ActiveCfg = Release|Win32
		{29039F47-3D85-435B-9CB8-2E221C945935}.Release|x86.ActiveCfg = Release|Win32
		{29039F47-3D85-435B-9CB8-2E221C945935}.Release|x86.Build.0 = Release|Win32
		{03261261-1E32-49DB-AB05-536D806986AA}.Debug|Mixed Platforms.ActiveCfg = Debug|Win32
		{03261261-1E32-49DB-AB05-536D806986AA}.Debug|Mixed Platforms.Build.0 = Debug|Win32
		{03261261-1E32-49DB-AB05-536D806986AA}.Debug|Win32.ActiveCfg = Debug|Win32
		{03261261-1E32-49DB-AB05-536D806986AA}.Debug|Win32.Build.0 = Debug|Win32
		{03261261-1E32-49DB-AB05-536D806986AA}.Debug|x64.ActiveCfg = Debug|Win32
		{03261261-1E32-49DB-AB05-536D806986AA}.Debug|x86.ActiveCfg = Debug|Win32
		{03261261-1E32-49DB-AB05-536D806986AA}.Debug|x86.Build.0 = Debug|Win32
		{03261261-1E32-49DB-AB05-536D806986AA}.Release|Mixed Platforms.ActiveCfg = Release|Win32
		{03261261-1E32-49DB-AB05-536D806986AA}.Release|Mixed Platforms.Build.0 = Release|Win32
		{03261261-1E32-49DB-AB05-536D806986AA}.Release|Win32.ActiveCfg = Release|Win32
		{03261261-1E32-49DB-AB05-536D806986AA}.Release|Win32.Build.0 = Release|Win32
		{03261261-1E32-49DB-AB05-536D806986AA}.Release|x64.ActiveCfg = Release|Win32
		{03261261-1E32-49DB-AB05-536D806986AA}.Release|x86.ActiveCfg = Release|Win32
		{03261261-1E32-49DB-AB05-536D806986AA}.Release|x86.Build.0 = Release|Win32
		{F1834BFF-824E-4B9D-9655-4E650847CBBB}.Debug|Mixed Platforms.ActiveCfg = Debug|Win32
		{F1834BFF-824E-4B9D-9655-4E650847CBBB}.Debug|Mixed Platforms.Build.0 = Debug|Win32
		{F1834BFF-824E-4B9D-9655-4E650847CBBB}.Debug|Win32.ActiveCfg = Debug|Win32
		{F1834BFF-824E-4B9D-9655-4E650847CBBB}.Debug|Win32.Build.0 = Debug|Win32
		{F1834BFF-824E-4B9D-9655-4E650847CBBB}.Debug|x64.ActiveCfg = Debug|Win32
		{F1834BFF-824E-4B9D-9655-4E650847CBBB}.Debug|x86.ActiveCfg = Debug|Win32
		{F1834BFF-824E-4B9D-9655-4E650847CBBB}.Debug|x86.Build.0 = Debug|Win32
		{F1834BFF-824E-4B9D-9655-4E650847CBBB}.Release|Mixed Platforms.ActiveCfg = Release|Win32
		{F1834BFF-824E-4B9D-9655-4E650847CBBB}.Release|Mixed Platforms.Build.0 = Release|Win32
		{F1834BFF-824E-4B9D-9655-4E650847CBBB}.Release|Win32.ActiveCfg = Release|Win32
		{F1834BFF-824E-4B9D-9655-4E650847CBBB}.Release|Win32.Build.0 = Release|Win32
		{F1834BFF-824E-4B9D-9655-4E650847CBBB}.Release|x64.ActiveCfg = Release|Win32
		{F1834BFF-824E-4B9D-9655-4E650847CBBB}.Release|x86.ActiveCfg = Release|Win32
		{F1834BFF-824E-4B9D-9655-4E650847CBBB}.Release|x86.Build.0 = Release|Win32
		{1708FB54-63DD-4072-97F0-2499DF2C7E84}.Debug|Mixed Platforms.ActiveCfg = Debug|Win32
		{1708FB54-63DD-4072-97F0-2499DF2C7E84}.Debug|Mixed Platforms.Build.0 = Debug|Win32
		{1708FB54-63DD-4072-97F0-2499DF2C7E84}.Debug|Mixed Platforms.Deploy.0 = Debug|Win32
		{1708FB54-63DD-4072-97F0-2499DF2C7E84}.Debug|Win32.ActiveCfg = Debug|Win32
		{1708FB54-63DD-4072-97F0-2499DF2C7E84}.Debug|Win32.Build.0 = Debug|Win32
		{1708FB54-63DD-4072-97F0-2499DF2C7E84}.Debug|Win32.Deploy.0 = Debug|Win32
		{1708FB54-63DD-4072-97F0-2499DF2C7E84}.Debug|x64.ActiveCfg = Debug|x64
		{1708FB54-63DD-4072-97F0-2499DF2C7E84}.Debug|x64.Build.0 = Debug|x64
		{1708FB54-63DD-4072-97F0-2499DF2C7E84}.Debug|x64.Deploy.0 = Debug|x64
		{1708FB54-63DD-4072-97F0-2499DF2C7E84}.Debug|x86.ActiveCfg = Debug|Win32
		{1708FB54-63DD-4072-97F0-2499DF2C7E84}.Debug|x86.Build.0 = Debug|Win32
		{1708FB54-63DD-4072-97F0-2499DF2C7E84}.Debug|x86.Deploy.0 = Debug|Win32
		{1708FB54-63DD-4072-97F0-2499DF2C7E84}.Release|Mixed Platforms.ActiveCfg = Release|Win32
		{1708FB54-63DD-4072-97F0-2499DF2C7E84}.Release|Mixed Platforms.Build.0 = Release|Win32
		{1708FB54-63DD-4072-97F0-2499DF2C7E84}.Release|Mixed Platforms.Deploy.0 = Release|Win32
		{1708FB54-63DD-4072-97F0-2499DF2C7E84}.Release|Win32.ActiveCfg = Release|Win32
		{1708FB54-63DD-4072-97F0-2499DF2C7E84}.Release|Win32.Build.0 = Release|Win32
		{1708FB54-63DD-4072-97F0-2499DF2C7E84}.Release|Win32.Deploy.0 = Release|Win32
		{1708FB54-63DD-4072-97F0-2499DF2C7E84}.Release|x64.ActiveCfg = Release|x64
		{1708FB54-63DD-4072-97F0-2499DF2C7E84}.Release|x64.Build.0 = Release|x64
		{1708FB54-63DD-4072-97F0-2499DF2C7E84}.Release|x64.Deploy.0 = Release|x64
		{1708FB54-63DD-4072-97F0-2499DF2C7E84}.Release|x86.ActiveCfg = Release|Win32
		{1708FB54-63DD-4072-97F0-2499DF2C7E84}.Release|x86.Build.0 = Release|Win32
		{1708FB54-63DD-4072-97F0-2499DF2C7E84}.Release|x86.Deploy.0 = Release|Win32
		{68072F13-F64E-4098-BBF5-2326B2222C34}.Debug|Mixed Platforms.ActiveCfg = Debug|Win32
		{68072F13-F64E-4098-BBF5-2326B2222C34}.Debug|Mixed Platforms.Build.0 = Debug|Win32
		{68072F13-F64E-4098-BBF5-2326B2222C34}.Debug|Win32.ActiveCfg = Debug|Win32
		{68072F13-F64E-4098-BBF5-2326B2222C34}.Debug|Win32.Build.0 = Debug|Win32
		{68072F13-F64E-4098-BBF5-2326B2222C34}.Debug|x64.ActiveCfg = Debug|x64
		{68072F13-F64E-4098-BBF5-2326B2222C34}.Debug|x64.Build.0 = Debug|x64
		{68072F13-F64E-4098-BBF5-2326B2222C34}.Debug|x86.ActiveCfg = Debug|Win32
		{68072F13-F64E-4098-BBF5-2326B2222C34}.Debug|x86.Build.0 = Debug|Win32
		{68072F13-F64E-4098-BBF5-2326B2222C34}.Release|Mixed Platforms.ActiveCfg = Release|Win32
		{68072F13-F64E-4098-BBF5-2326B2222C34}.Release|Mixed Platforms.Build.0 = Release|Win32
		{68072F13-F64E-4098-BBF5-2326B2222C34}.Release|Win32.ActiveCfg = Release|Win32
		{68072F13-F64E-4098-BBF5-2326B2222C34}.Release|Win32.Build.0 = Release|Win32
		{68072F13-F64E-4098-BBF5-2326B2222C34}.Release|x64.ActiveCfg = Release|x64
		{68072F13-F64E-4098-BBF5-2326B2222C34}.Release|x64.Build.0 = Release|x64
		{68072F13-F64E-4098-BBF5-2326B2222C34}.Release|x86.ActiveCfg = Release|Win32
		{68072F13-F64E-4098-BBF5-2326B2222C34}.Release|x86.Build.0 = Release|Win32
	EndGlobalSection
	GlobalSection(SolutionProperties) = preSolution
		HideSolutionNode = FALSE
	EndGlobalSection
	GlobalSection(ExtensibilityGlobals) = postSolution
		SolutionGuid = {EBA24C17-52A6-4509-AA65-552CB8CADAAF}
	EndGlobalSection
EndGlobal
